{
  "requires": true,
  "lockfileVersion": 1,
  "dependencies": {
    "jquery.tabulator": {
      "version": "3.5.3",
      "resolved": "https://registry.npmjs.org/jquery.tabulator/-/jquery.tabulator-3.5.3.tgz",
      "integrity": "sha1-+bk2ON7SJaeJNt45hozpNKJgRRY="
    },
    "tabulator-tables": {
      "version": "4.4.1",
      "resolved": "https://registry.npmjs.org/tabulator-tables/-/tabulator-tables-4.4.1.tgz",
      "integrity": "sha512-SE2BMdsjPNPfTqQ+jFZOx7lGZPtftg9FPyd//wxgjziGFCrChHs8CGxBp0bIWy8znTFFAGfY6Ro4Q5dS1GGEKA=="
    },
    "vue": {
      "version": "2.6.10",
      "resolved": "https://registry.npmjs.org/vue/-/vue-2.6.10.tgz",
      "integrity": "sha512-ImThpeNU9HbdZL3utgMCq0oiMzAkt1mcgy3/E6zWC/G6AaQoeuFdsl9nDhTDU3X1R6FK7nsIUuRACVcjI+A2GQ=="
    }
  }
}
